
Microsoft Visual Studio Solution File, Format Version 12.00
# Visual Studio Version 17
VisualStudioVersion = 17.13.36105.23 d17.13
MinimumVisualStudioVersion = 10.0.40219.1
Project("{FAE04EC0-301F-11D3-BF4B-00C04F79EFBC}") = "Tomb Runner 2D with movement", "Tomb Runner 2D with movement\Tomb Runner 2D with movement.csproj", "{128A5440-F1A2-4012-A9FA-C235C4E46CE5}"
EndProject
Global
	GlobalSection(SolutionConfigurationPlatforms) = preSolution
		Debug|Any CPU = Debug|Any CPU
		Release|Any CPU = Release|Any CPU
	EndGlobalSection
	GlobalSection(ProjectConfigurationPlatforms) = postSolution
		{128A5440-F1A2-4012-A9FA-C235C4E46CE5}.Debug|Any CPU.ActiveCfg = Debug|Any CPU
		{128A5440-F1A2-4012-A9FA-C235C4E46CE5}.Debug|Any CPU.Build.0 = Debug|Any CPU
		{128A5440-F1A2-4012-A9FA-C235C4E46CE5}.Release|Any CPU.ActiveCfg = Release|Any CPU
		{128A5440-F1A2-4012-A9FA-C235C4E46CE5}.Release|Any CPU.Build.0 = Release|Any CPU
	EndGlobalSection
	GlobalSection(SolutionProperties) = preSolution
		HideSolutionNode = FALSE
	EndGlobalSection
	GlobalSection(ExtensibilityGlobals) = postSolution
		SolutionGuid = {02A885A5-B89D-4054-ADD2-8A175D9A6089}
	EndGlobalSection
EndGlobal
